// !$*UTF8*$!
{
	archiveVersion = 1;
	classes = {
	};
	objectVersion = 56;
	objects = {

/* Begin PBXBuildFile section */
		02414E067C405CFBDAEF4EEE /* PhotosLibraryClientTests.swift in Sources */ = {isa = PBXBuildFile; fileRef = BC0D1E5CC80A9AC538496AB0 /* PhotosLibraryClientTests.swift */; };
		04C0DE71181BCBB1E76DD4FA /* SliderDebouncer.swift in Sources */ = {isa = PBXBuildFile; fileRef = DBF4B8958FFF36C3B92510DB /* SliderDebouncer.swift */; };
		05EBAEEEA7E3802F0248BCA1 /* DisplayViewModel.swift in Sources */ = {isa = PBXBuildFile; fileRef = A006996C3386DD396979F953 /* DisplayViewModel.swift */; };
		09ABB819A33A2634300E0FDF /* Stage13CalibrationTests.swift in Sources */ = {isa = PBXBuildFile; fileRef = 6B41F4786693B0AE021B2232 /* Stage13CalibrationTests.swift */; };
		0D564774D754090505282403 /* ViewModel.swift in Sources */ = {isa = PBXBuildFile; fileRef = 41B5C08ABF73F3F47F010206 /* ViewModel.swift */; };
		14E07E1A2F8E513D00E9F7FC /* ios_example_appApp.swift in Sources */ = {isa = PBXBuildFile; fileRef = 14E07E192F8E513D00E9F7FC /* ios_example_appApp.swift */; };
		14E07E1E2F8E513F00E9F7FC /* Assets.xcassets in Resources */ = {isa = PBXBuildFile; fileRef = 14E07E1D2F8E513F00E9F7FC /* Assets.xcassets */; };
		14E07E212F8E513F00E9F7FC /* Preview Assets.xcassets in Resources */ = {isa = PBXBuildFile; fileRef = 14E07E202F8E513F00E9F7FC /* Preview Assets.xcassets */; };
		14E07E2B2F8E513F00E9F7FC /* ios_example_appTests.swift in Sources */ = {isa = PBXBuildFile; fileRef = 14E07E2A2F8E513F00E9F7FC /* ios_example_appTests.swift */; };
		14E07E352F8E513F00E9F7FC /* ios_example_appUITests.swift in Sources */ = {isa = PBXBuildFile; fileRef = 14E07E342F8E513F00E9F7FC /* ios_example_appUITests.swift */; };
		14E07E372F8E513F00E9F7FC /* ios_example_appUITestsLaunchTests.swift in Sources */ = {isa = PBXBuildFile; fileRef = 14E07E362F8E513F00E9F7FC /* ios_example_appUITestsLaunchTests.swift */; };
		1597FE0511AFD9C0406D7498 /* Stage09Tests.swift in Sources */ = {isa = PBXBuildFile; fileRef = DE72B917051A958CCDA6299B /* Stage09Tests.swift */; };
		278E32053DA41734DC1B4992 /* CaptureNaturalPictureTests.swift in Sources */ = {isa = PBXBuildFile; fileRef = 389FEB9B19ABEE545040C1BB /* CaptureNaturalPictureTests.swift */; };
		2C3C1285DDA0A8726F1995F1 /* RgbaConversionTests.swift in Sources */ = {isa = PBXBuildFile; fileRef = 32EB05562EB8BEEFE212FFA1 /* RgbaConversionTests.swift */; };
		2D7E29E3BBD70A605BADF784 /* LifecycleTests.swift in Sources */ = {isa = PBXBuildFile; fileRef = 33C5B722FC845063B2B5272C /* LifecycleTests.swift */; };
		3543BD01FED4893DD5F89AEF /* CalibrationViewModel.swift in Sources */ = {isa = PBXBuildFile; fileRef = 02F84BFEC7AD76462115AEAB /* CalibrationViewModel.swift */; };
		3B9F836323CAF649EEFF341B /* Stage01Tests.swift in Sources */ = {isa = PBXBuildFile; fileRef = CF9CE1A083B2C84FEED433D8 /* Stage01Tests.swift */; };
		413C07759C3082622F459861 /* Stage05Tests.swift in Sources */ = {isa = PBXBuildFile; fileRef = 12E5CA41360E6FF4ED76A53D /* Stage05Tests.swift */; };
		485445463B5196F3BC8A52E3 /* SessionStateMachineTests.swift in Sources */ = {isa = PBXBuildFile; fileRef = 5EFB03F3C0D7F3BC4CD6085E /* SessionStateMachineTests.swift */; };
		4B23642524C1D784A1D02ABB /* Stage07Tests.swift in Sources */ = {isa = PBXBuildFile; fileRef = E12A8AFD46F3AC3415D5E4BC /* Stage07Tests.swift */; };
		50F21A27408F311E9A330235 /* OrientationLock.swift in Sources */ = {isa = PBXBuildFile; fileRef = 6BFAE64BECE46F827035CC14 /* OrientationLock.swift */; };
		5411DD80E5D86868D71B4EF9 /* CameraKit in Frameworks */ = {isa = PBXBuildFile; productRef = 4EFB126527016EEBF27C9B62 /* CameraKit */; };
		65C3457B534FADC112FCE8C1 /* FrameTransportTests.swift in Sources */ = {isa = PBXBuildFile; fileRef = 78402D99B03CA84160E7CD10 /* FrameTransportTests.swift */; };
		6C143EC9F558E2F804A06CA5 /* Stage12Tests.swift in Sources */ = {isa = PBXBuildFile; fileRef = 90F0F0412724352774BCA98D /* Stage12Tests.swift */; };
		7E9E0F8C44602E8AF076C381 /* TestProgressLog.swift in Sources */ = {isa = PBXBuildFile; fileRef = DABEEEB1238FBD1FD99E0F73 /* TestProgressLog.swift */; };
		7EB189650E75BB6918421A44 /* Stage03Tests.swift in Sources */ = {isa = PBXBuildFile; fileRef = 008B24B2F2D3F9C7627EFCB9 /* Stage03Tests.swift */; };
		87E448810E2CB27D0454D54A /* MailboxTests.swift in Sources */ = {isa = PBXBuildFile; fileRef = D6D8F6AA0B5F4841A0CD0038 /* MailboxTests.swift */; };
		887DC67B9E822441EC774F06 /* Stage11UITests.swift in Sources */ = {isa = PBXBuildFile; fileRef = ABF10587E507E1048C8C847C /* Stage11UITests.swift */; };
		8CA3BD56AC695A50EB78C9F4 /* opencv2.xcframework in Embed Frameworks */ = {isa = PBXBuildFile; fileRef = FA1F10D5A87499A96772E693 /* opencv2.xcframework */; settings = {ATTRIBUTES = (CodeSignOnCopy, RemoveHeadersOnCopy, ); }; };
		8F4E4CFF052C7872282FBC18 /* CameraKit in Frameworks */ = {isa = PBXBuildFile; productRef = 774759B7C7A55D0C56E89D14 /* CameraKit */; };
		9FB9B178D57D55D1B175CC8B /* ProcessingViewModel.swift in Sources */ = {isa = PBXBuildFile; fileRef = EDBE6F3956C9C8906E817ED5 /* ProcessingViewModel.swift */; };
		A3E014673AD8F07BE9D93639 /* HardwareControlsViewModel.swift in Sources */ = {isa = PBXBuildFile; fileRef = 3A5A8E98AF2312BB5DA99C5C /* HardwareControlsViewModel.swift */; };
		B50DA96F146199918095B448 /* RecordingViewModel.swift in Sources */ = {isa = PBXBuildFile; fileRef = C3CEB8DADD3C9D49E9D2E72C /* RecordingViewModel.swift */; };
		B8DA959F46CE3AB83631D9F3 /* opencv2.xcframework in Frameworks */ = {isa = PBXBuildFile; fileRef = FA1F10D5A87499A96772E693 /* opencv2.xcframework */; };
		BD3955AFC187B25B51F527BB /* CameraEngineProtocolConformanceTests.swift in Sources */ = {isa = PBXBuildFile; fileRef = D7466C1B4E9F3DFD7C227B95 /* CameraEngineProtocolConformanceTests.swift */; };
		CB227B149EADC82F7D5CAA98 /* Stage11Tests.swift in Sources */ = {isa = PBXBuildFile; fileRef = E47509CEAA74698DC7E545FE /* Stage11Tests.swift */; };
		CBFEBC1997CE64D939CC59AA /* OutputPathResolutionTests.swift in Sources */ = {isa = PBXBuildFile; fileRef = D792CFEF8AD548B1FC3C678E /* OutputPathResolutionTests.swift */; };
		D2A0B170AB46745B4267B24E /* CameraView.swift in Sources */ = {isa = PBXBuildFile; fileRef = 0B518A58555B2ECB69FBF3DC /* CameraView.swift */; };
		E1EA4B40A47C852FB24AEB40 /* FrameDeliveryTests.swift in Sources */ = {isa = PBXBuildFile; fileRef = 05F626DCA9520A34B09287F8 /* FrameDeliveryTests.swift */; };
		E3130A01AC496C58DFBEF068 /* Stage10Tests.swift in Sources */ = {isa = PBXBuildFile; fileRef = AACBC19441C6AC41AA94CFFD /* Stage10Tests.swift */; };
		E3DA5760A785849A4323F68B /* TestPixelHelpers.swift in Sources */ = {isa = PBXBuildFile; fileRef = DBC5E6164A776C4D19A9884F /* TestPixelHelpers.swift */; };
		ED5858F17D15B3DA74966D87 /* ControlEnablement.swift in Sources */ = {isa = PBXBuildFile; fileRef = 4D88C5072FC744614C4BA75E /* ControlEnablement.swift */; };
		EF7D1E9BCC587010E9370BC2 /* ErrorPresenterViewModel.swift in Sources */ = {isa = PBXBuildFile; fileRef = ED4F5E261160C019501B76D6 /* ErrorPresenterViewModel.swift */; };
		F1E3F510681959371A363F32 /* Stage02Tests.swift in Sources */ = {isa = PBXBuildFile; fileRef = 45007E7AF3327300AB0630E3 /* Stage02Tests.swift */; };
		F86D7E2444D241B1A4411FBA /* Stage04Tests.swift in Sources */ = {isa = PBXBuildFile; fileRef = 9CDCED4C4EA5FA40AF4E7215 /* Stage04Tests.swift */; };
		FEB5776E21A1294A5CA6ED39 /* Stage06Tests.swift in Sources */ = {isa = PBXBuildFile; fileRef = B40574632638223EEF0762DC /* Stage06Tests.swift */; };
/* End PBXBuildFile section */

/* Begin PBXContainerItemProxy section */
		14E07E272F8E513F00E9F7FC /* PBXContainerItemProxy */ = {
			isa = PBXContainerItemProxy;
			containerPortal = 14E07E0E2F8E513D00E9F7FC /* Project object */;
			proxyType = 1;
			remoteGlobalIDString = 14E07E152F8E513D00E9F7FC;
			remoteInfo = ios_example_app;
		};
		14E07E312F8E513F00E9F7FC /* PBXContainerItemProxy */ = {
			isa = PBXContainerItemProxy;
			containerPortal = 14E07E0E2F8E513D00E9F7FC /* Project object */;
			proxyType = 1;
			remoteGlobalIDString = 14E07E152F8E513D00E9F7FC;
			remoteInfo = ios_example_app;
		};
/* End PBXContainerItemProxy section */

/* Begin PBXCopyFilesBuildPhase section */
		3D62D25A99F93DE7F6B95347 /* Embed Frameworks */ = {
			isa = PBXCopyFilesBuildPhase;
			buildActionMask = 2147483647;
			dstPath = "";
			dstSubfolderSpec = 10;
			files = (
				8CA3BD56AC695A50EB78C9F4 /* opencv2.xcframework in Embed Frameworks */,
			);
			name = "Embed Frameworks";
			runOnlyForDeploymentPostprocessing = 0;
		};
/* End PBXCopyFilesBuildPhase section */

/* Begin PBXFileReference section */
		008B24B2F2D3F9C7627EFCB9 /* Stage03Tests.swift */ = {isa = PBXFileReference; includeInIndex = 1; lastKnownFileType = sourcecode.swift; path = Stage03Tests.swift; sourceTree = "<group>"; };
		02F84BFEC7AD76462115AEAB /* CalibrationViewModel.swift */ = {isa = PBXFileReference; includeInIndex = 1; lastKnownFileType = sourcecode.swift; path = CalibrationViewModel.swift; sourceTree = "<group>"; };
		05F626DCA9520A34B09287F8 /* FrameDeliveryTests.swift */ = {isa = PBXFileReference; includeInIndex = 1; lastKnownFileType = sourcecode.swift; path = FrameDeliveryTests.swift; sourceTree = "<group>"; };
		0B518A58555B2ECB69FBF3DC /* CameraView.swift */ = {isa = PBXFileReference; includeInIndex = 1; lastKnownFileType = sourcecode.swift; path = CameraView.swift; sourceTree = "<group>"; };
		12E5CA41360E6FF4ED76A53D /* Stage05Tests.swift */ = {isa = PBXFileReference; includeInIndex = 1; lastKnownFileType = sourcecode.swift; path = Stage05Tests.swift; sourceTree = "<group>"; };
		14E07E162F8E513D00E9F7FC /* ios_example_app.app */ = {isa = PBXFileReference; explicitFileType = wrapper.application; includeInIndex = 0; path = ios_example_app.app; sourceTree = BUILT_PRODUCTS_DIR; };
		14E07E192F8E513D00E9F7FC /* ios_example_appApp.swift */ = {isa = PBXFileReference; lastKnownFileType = sourcecode.swift; path = ios_example_appApp.swift; sourceTree = "<group>"; };
		14E07E1D2F8E513F00E9F7FC /* Assets.xcassets */ = {isa = PBXFileReference; lastKnownFileType = folder.assetcatalog; path = Assets.xcassets; sourceTree = "<group>"; };
		14E07E202F8E513F00E9F7FC /* Preview Assets.xcassets */ = {isa = PBXFileReference; lastKnownFileType = folder.assetcatalog; path = "Preview Assets.xcassets"; sourceTree = "<group>"; };
		14E07E262F8E513F00E9F7FC /* ios_example_appTests.xctest */ = {isa = PBXFileReference; explicitFileType = wrapper.cfbundle; includeInIndex = 0; path = ios_example_appTests.xctest; sourceTree = BUILT_PRODUCTS_DIR; };
		14E07E2A2F8E513F00E9F7FC /* ios_example_appTests.swift */ = {isa = PBXFileReference; lastKnownFileType = sourcecode.swift; path = ios_example_appTests.swift; sourceTree = "<group>"; };
		14E07E302F8E513F00E9F7FC /* ios_example_appUITests.xctest */ = {isa = PBXFileReference; explicitFileType = wrapper.cfbundle; includeInIndex = 0; path = ios_example_appUITests.xctest; sourceTree = BUILT_PRODUCTS_DIR; };
		14E07E342F8E513F00E9F7FC /* ios_example_appUITests.swift */ = {isa = PBXFileReference; lastKnownFileType = sourcecode.swift; path = ios_example_appUITests.swift; sourceTree = "<group>"; };
		14E07E362F8E513F00E9F7FC /* ios_example_appUITestsLaunchTests.swift */ = {isa = PBXFileReference; lastKnownFileType = sourcecode.swift; path = ios_example_appUITestsLaunchTests.swift; sourceTree = "<group>"; };
		14E07E432F8E51EC00E9F7FC /* Info.plist */ = {isa = PBXFileReference; lastKnownFileType = text.plist; path = Info.plist; sourceTree = "<group>"; };
		29B3BABBAA97C933F7EC4DCB /* CounterConsumer.h */ = {isa = PBXFileReference; includeInIndex = 1; lastKnownFileType = sourcecode.c.h; path = CounterConsumer.h; sourceTree = "<group>"; };
		32EB05562EB8BEEFE212FFA1 /* RgbaConversionTests.swift */ = {isa = PBXFileReference; includeInIndex = 1; lastKnownFileType = sourcecode.swift; path = RgbaConversionTests.swift; sourceTree = "<group>"; };
		33C5B722FC845063B2B5272C /* LifecycleTests.swift */ = {isa = PBXFileReference; includeInIndex = 1; lastKnownFileType = sourcecode.swift; path = LifecycleTests.swift; sourceTree = "<group>"; };
		389FEB9B19ABEE545040C1BB /* CaptureNaturalPictureTests.swift */ = {isa = PBXFileReference; includeInIndex = 1; lastKnownFileType = sourcecode.swift; path = CaptureNaturalPictureTests.swift; sourceTree = "<group>"; };
		3A5A8E98AF2312BB5DA99C5C /* HardwareControlsViewModel.swift */ = {isa = PBXFileReference; includeInIndex = 1; lastKnownFileType = sourcecode.swift; path = HardwareControlsViewModel.swift; sourceTree = "<group>"; };
		41B5C08ABF73F3F47F010206 /* ViewModel.swift */ = {isa = PBXFileReference; includeInIndex = 1; lastKnownFileType = sourcecode.swift; path = ViewModel.swift; sourceTree = "<group>"; };
		45007E7AF3327300AB0630E3 /* Stage02Tests.swift */ = {isa = PBXFileReference; includeInIndex = 1; lastKnownFileType = sourcecode.swift; path = Stage02Tests.swift; sourceTree = "<group>"; };
		4D88C5072FC744614C4BA75E /* ControlEnablement.swift */ = {isa = PBXFileReference; includeInIndex = 1; lastKnownFileType = sourcecode.swift; path = ControlEnablement.swift; sourceTree = "<group>"; };
		58A316EE7A8B88A4493811AC /* CannyConsumer.h */ = {isa = PBXFileReference; includeInIndex = 1; lastKnownFileType = sourcecode.c.h; path = CannyConsumer.h; sourceTree = "<group>"; };
		5EFB03F3C0D7F3BC4CD6085E /* SessionStateMachineTests.swift */ = {isa = PBXFileReference; includeInIndex = 1; lastKnownFileType = sourcecode.swift; path = SessionStateMachineTests.swift; sourceTree = "<group>"; };
		6B41F4786693B0AE021B2232 /* Stage13CalibrationTests.swift */ = {isa = PBXFileReference; includeInIndex = 1; lastKnownFileType = sourcecode.swift; path = Stage13CalibrationTests.swift; sourceTree = "<group>"; };
		6B74220C49CCDE9BFB3F4579 /* AppCxx-Bridging-Header.h */ = {isa = PBXFileReference; includeInIndex = 1; lastKnownFileType = sourcecode.c.h; path = "AppCxx-Bridging-Header.h"; sourceTree = "<group>"; };
		6BFAE64BECE46F827035CC14 /* OrientationLock.swift */ = {isa = PBXFileReference; includeInIndex = 1; lastKnownFileType = sourcecode.swift; path = OrientationLock.swift; sourceTree = "<group>"; };
		78402D99B03CA84160E7CD10 /* FrameTransportTests.swift */ = {isa = PBXFileReference; includeInIndex = 1; lastKnownFileType = sourcecode.swift; path = FrameTransportTests.swift; sourceTree = "<group>"; };
		90F0F0412724352774BCA98D /* Stage12Tests.swift */ = {isa = PBXFileReference; includeInIndex = 1; lastKnownFileType = sourcecode.swift; path = Stage12Tests.swift; sourceTree = "<group>"; };
		9CDCED4C4EA5FA40AF4E7215 /* Stage04Tests.swift */ = {isa = PBXFileReference; includeInIndex = 1; lastKnownFileType = sourcecode.swift; path = Stage04Tests.swift; sourceTree = "<group>"; };
		A006996C3386DD396979F953 /* DisplayViewModel.swift */ = {isa = PBXFileReference; includeInIndex = 1; lastKnownFileType = sourcecode.swift; path = DisplayViewModel.swift; sourceTree = "<group>"; };
		AACBC19441C6AC41AA94CFFD /* Stage10Tests.swift */ = {isa = PBXFileReference; includeInIndex = 1; lastKnownFileType = sourcecode.swift; name = Stage10Tests.swift; path = ../CameraKit/Tests/CameraKitTests/Stage10Tests.swift; sourceTree = "<group>"; };
		ABF10587E507E1048C8C847C /* Stage11UITests.swift */ = {isa = PBXFileReference; includeInIndex = 1; lastKnownFileType = sourcecode.swift; path = Stage11UITests.swift; sourceTree = "<group>"; };
		B40574632638223EEF0762DC /* Stage06Tests.swift */ = {isa = PBXFileReference; includeInIndex = 1; lastKnownFileType = sourcecode.swift; path = Stage06Tests.swift; sourceTree = "<group>"; };
		BC0D1E5CC80A9AC538496AB0 /* PhotosLibraryClientTests.swift */ = {isa = PBXFileReference; includeInIndex = 1; lastKnownFileType = sourcecode.swift; path = PhotosLibraryClientTests.swift; sourceTree = "<group>"; };
		C3CEB8DADD3C9D49E9D2E72C /* RecordingViewModel.swift */ = {isa = PBXFileReference; includeInIndex = 1; lastKnownFileType = sourcecode.swift; path = RecordingViewModel.swift; sourceTree = "<group>"; };
		CF9CE1A083B2C84FEED433D8 /* Stage01Tests.swift */ = {isa = PBXFileReference; includeInIndex = 1; lastKnownFileType = sourcecode.swift; path = Stage01Tests.swift; sourceTree = "<group>"; };
		D6D8F6AA0B5F4841A0CD0038 /* MailboxTests.swift */ = {isa = PBXFileReference; includeInIndex = 1; lastKnownFileType = sourcecode.swift; path = MailboxTests.swift; sourceTree = "<group>"; };
		D7466C1B4E9F3DFD7C227B95 /* CameraEngineProtocolConformanceTests.swift */ = {isa = PBXFileReference; includeInIndex = 1; lastKnownFileType = sourcecode.swift; path = CameraEngineProtocolConformanceTests.swift; sourceTree = "<group>"; };
		D792CFEF8AD548B1FC3C678E /* OutputPathResolutionTests.swift */ = {isa = PBXFileReference; includeInIndex = 1; lastKnownFileType = sourcecode.swift; path = OutputPathResolutionTests.swift; sourceTree = "<group>"; };
		DABEEEB1238FBD1FD99E0F73 /* TestProgressLog.swift */ = {isa = PBXFileReference; includeInIndex = 1; lastKnownFileType = sourcecode.swift; path = TestProgressLog.swift; sourceTree = "<group>"; };
		DBC5E6164A776C4D19A9884F /* TestPixelHelpers.swift */ = {isa = PBXFileReference; includeInIndex = 1; lastKnownFileType = sourcecode.swift; name = TestPixelHelpers.swift; path = ../CameraKit/Tests/CameraKitTests/TestPixelHelpers.swift; sourceTree = "<group>"; };
		DBF4B8958FFF36C3B92510DB /* SliderDebouncer.swift */ = {isa = PBXFileReference; includeInIndex = 1; lastKnownFileType = sourcecode.swift; path = SliderDebouncer.swift; sourceTree = "<group>"; };
		DE72B917051A958CCDA6299B /* Stage09Tests.swift */ = {isa = PBXFileReference; includeInIndex = 1; lastKnownFileType = sourcecode.swift; path = Stage09Tests.swift; sourceTree = "<group>"; };
		E12A8AFD46F3AC3415D5E4BC /* Stage07Tests.swift */ = {isa = PBXFileReference; includeInIndex = 1; lastKnownFileType = sourcecode.swift; path = Stage07Tests.swift; sourceTree = "<group>"; };
		E47509CEAA74698DC7E545FE /* Stage11Tests.swift */ = {isa = PBXFileReference; includeInIndex = 1; lastKnownFileType = sourcecode.swift; name = Stage11Tests.swift; path = ../CameraKit/Tests/CameraKitTests/Stage11Tests.swift; sourceTree = "<group>"; };
		ED4F5E261160C019501B76D6 /* ErrorPresenterViewModel.swift */ = {isa = PBXFileReference; includeInIndex = 1; lastKnownFileType = sourcecode.swift; path = ErrorPresenterViewModel.swift; sourceTree = "<group>"; };
		EDBE6F3956C9C8906E817ED5 /* ProcessingViewModel.swift */ = {isa = PBXFileReference; includeInIndex = 1; lastKnownFileType = sourcecode.swift; path = ProcessingViewModel.swift; sourceTree = "<group>"; };
		FA1F10D5A87499A96772E693 /* opencv2.xcframework */ = {isa = PBXFileReference; includeInIndex = 1; lastKnownFileType = wrapper.xcframework; path = opencv2.xcframework; sourceTree = "<group>"; };
/* End PBXFileReference section */

/* Begin PBXFrameworksBuildPhase section */
		14E07E132F8E513D00E9F7FC /* Frameworks */ = {
			isa = PBXFrameworksBuildPhase;
			buildActionMask = 2147483647;
			files = (
				5411DD80E5D86868D71B4EF9 /* CameraKit in Frameworks */,
				B8DA959F46CE3AB83631D9F3 /* opencv2.xcframework in Frameworks */,
			);
			runOnlyForDeploymentPostprocessing = 0;
		};
		14E07E232F8E513F00E9F7FC /* Frameworks */ = {
			isa = PBXFrameworksBuildPhase;
			buildActionMask = 2147483647;
			files = (
				8F4E4CFF052C7872282FBC18 /* CameraKit in Frameworks */,
			);
			runOnlyForDeploymentPostprocessing = 0;
		};
		14E07E2D2F8E513F00E9F7FC /* Frameworks */ = {
			isa = PBXFrameworksBuildPhase;
			buildActionMask = 2147483647;
			files = (
			);
			runOnlyForDeploymentPostprocessing = 0;
		};
/* End PBXFrameworksBuildPhase section */

/* Begin PBXGroup section */
		0180F31D54B458CEB93EF6B1 /* UI */ = {
			isa = PBXGroup;
			children = (
				02F84BFEC7AD76462115AEAB /* CalibrationViewModel.swift */,
				0B518A58555B2ECB69FBF3DC /* CameraView.swift */,
				4D88C5072FC744614C4BA75E /* ControlEnablement.swift */,
				A006996C3386DD396979F953 /* DisplayViewModel.swift */,
				ED4F5E261160C019501B76D6 /* ErrorPresenterViewModel.swift */,
				3A5A8E98AF2312BB5DA99C5C /* HardwareControlsViewModel.swift */,
				EDBE6F3956C9C8906E817ED5 /* ProcessingViewModel.swift */,
				C3CEB8DADD3C9D49E9D2E72C /* RecordingViewModel.swift */,
				DBF4B8958FFF36C3B92510DB /* SliderDebouncer.swift */,
				41B5C08ABF73F3F47F010206 /* ViewModel.swift */,
				6BFAE64BECE46F827035CC14 /* OrientationLock.swift */,
			);
			name = UI;
			path = UI;
			sourceTree = "<group>";
		};
		06A512ED5FC2EDE614E14D0D /* CameraKitTests */ = {
			isa = PBXGroup;
			children = (
				CF9CE1A083B2C84FEED433D8 /* Stage01Tests.swift */,
				45007E7AF3327300AB0630E3 /* Stage02Tests.swift */,
				008B24B2F2D3F9C7627EFCB9 /* Stage03Tests.swift */,
				9CDCED4C4EA5FA40AF4E7215 /* Stage04Tests.swift */,
				12E5CA41360E6FF4ED76A53D /* Stage05Tests.swift */,
				B40574632638223EEF0762DC /* Stage06Tests.swift */,
				E12A8AFD46F3AC3415D5E4BC /* Stage07Tests.swift */,
				DE72B917051A958CCDA6299B /* Stage09Tests.swift */,
				BC0D1E5CC80A9AC538496AB0 /* PhotosLibraryClientTests.swift */,
				DABEEEB1238FBD1FD99E0F73 /* TestProgressLog.swift */,
				90F0F0412724352774BCA98D /* Stage12Tests.swift */,
				6B41F4786693B0AE021B2232 /* Stage13CalibrationTests.swift */,
				D6D8F6AA0B5F4841A0CD0038 /* MailboxTests.swift */,
				5EFB03F3C0D7F3BC4CD6085E /* SessionStateMachineTests.swift */,
				389FEB9B19ABEE545040C1BB /* CaptureNaturalPictureTests.swift */,
				32EB05562EB8BEEFE212FFA1 /* RgbaConversionTests.swift */,
				33C5B722FC845063B2B5272C /* LifecycleTests.swift */,
				D7466C1B4E9F3DFD7C227B95 /* CameraEngineProtocolConformanceTests.swift */,
				D792CFEF8AD548B1FC3C678E /* OutputPathResolutionTests.swift */,
				78402D99B03CA84160E7CD10 /* FrameTransportTests.swift */,
				05F626DCA9520A34B09287F8 /* FrameDeliveryTests.swift */,
			);
			name = CameraKitTests;
			path = ../CameraKit/Tests/CameraKitTests;
			sourceTree = "<group>";
		};
		14E07E0D2F8E513D00E9F7FC = {
			isa = PBXGroup;
			children = (
				14E07E182F8E513D00E9F7FC /* ios_example_app */,
				14E07E292F8E513F00E9F7FC /* Tests */,
				14E07E332F8E513F00E9F7FC /* UITests */,
				14E07E172F8E513D00E9F7FC /* Products */,
				06A512ED5FC2EDE614E14D0D /* CameraKitTests */,
				66178965FC79084512BA4BD9 /* CameraKit */,
				6E718DC6EF4297D208B2925C /* Frameworks */,
			);
			sourceTree = "<group>";
		};
		14E07E172F8E513D00E9F7FC /* Products */ = {
			isa = PBXGroup;
			children = (
				14E07E162F8E513D00E9F7FC /* ios_example_app.app */,
				14E07E262F8E513F00E9F7FC /* ios_example_appTests.xctest */,
				14E07E302F8E513F00E9F7FC /* ios_example_appUITests.xctest */,
			);
			name = Products;
			sourceTree = "<group>";
		};
		14E07E182F8E513D00E9F7FC /* ios_example_app */ = {
			isa = PBXGroup;
			children = (
				14E07E432F8E51EC00E9F7FC /* Info.plist */,
				14E07E192F8E513D00E9F7FC /* ios_example_appApp.swift */,
				14E07E1D2F8E513F00E9F7FC /* Assets.xcassets */,
				14E07E1F2F8E513F00E9F7FC /* Preview Content */,
				0180F31D54B458CEB93EF6B1 /* UI */,
				74088CABCBA2F09A99F67F53 /* AppCxx */,
			);
			path = ios_example_app;
			sourceTree = "<group>";
		};
		14E07E1F2F8E513F00E9F7FC /* Preview Content */ = {
			isa = PBXGroup;
			children = (
				14E07E202F8E513F00E9F7FC /* Preview Assets.xcassets */,
			);
			path = "Preview Content";
			sourceTree = "<group>";
		};
		14E07E292F8E513F00E9F7FC /* Tests */ = {
			isa = PBXGroup;
			children = (
				14E07E2A2F8E513F00E9F7FC /* ios_example_appTests.swift */,
				ABF10587E507E1048C8C847C /* Stage11UITests.swift */,
			);
			path = Tests;
			sourceTree = "<group>";
		};
		14E07E332F8E513F00E9F7FC /* UITests */ = {
			isa = PBXGroup;
			children = (
				14E07E342F8E513F00E9F7FC /* ios_example_appUITests.swift */,
				14E07E362F8E513F00E9F7FC /* ios_example_appUITestsLaunchTests.swift */,
			);
			path = UITests;
			sourceTree = "<group>";
		};
		55B96687A8A946447581150F /* include */ = {
			isa = PBXGroup;
			children = (
				58A316EE7A8B88A4493811AC /* CannyConsumer.h */,
				29B3BABBAA97C933F7EC4DCB /* CounterConsumer.h */,
			);
			name = include;
			path = include;
			sourceTree = "<group>";
		};
		66178965FC79084512BA4BD9 /* CameraKit */ = {
			isa = PBXGroup;
			children = (
				75D38A4609A01340EE7B3E76 /* Tests */,
			);
			name = CameraKit;
			sourceTree = "<group>";
		};
		6E718DC6EF4297D208B2925C /* Frameworks */ = {
			isa = PBXGroup;
			children = (
				FA1F10D5A87499A96772E693 /* opencv2.xcframework */,
			);
			name = Frameworks;
			path = ../Frameworks;
			sourceTree = "<group>";
		};
		74088CABCBA2F09A99F67F53 /* AppCxx */ = {
			isa = PBXGroup;
			children = (
				55B96687A8A946447581150F /* include */,
				6B74220C49CCDE9BFB3F4579 /* AppCxx-Bridging-Header.h */,
			);
			name = AppCxx;
			path = AppCxx;
			sourceTree = "<group>";
		};
		75D38A4609A01340EE7B3E76 /* Tests */ = {
			isa = PBXGroup;
			children = (
				A17FE19F6359E4CD5D345825 /* CameraKitTests */,
			);
			name = Tests;
			sourceTree = "<group>";
		};
		A17FE19F6359E4CD5D345825 /* CameraKitTests */ = {
			isa = PBXGroup;
			children = (
				AACBC19441C6AC41AA94CFFD /* Stage10Tests.swift */,
				E47509CEAA74698DC7E545FE /* Stage11Tests.swift */,
				DBC5E6164A776C4D19A9884F /* TestPixelHelpers.swift */,
			);
			name = CameraKitTests;
			sourceTree = "<group>";
		};
/* End PBXGroup section */

/* Begin PBXNativeTarget section */
		14E07E152F8E513D00E9F7FC /* ios_example_app */ = {
			isa = PBXNativeTarget;
			buildConfigurationList = 14E07E3A2F8E513F00E9F7FC /* Build configuration list for PBXNativeTarget "ios_example_app" */;
			buildPhases = (
				14E07E122F8E513D00E9F7FC /* Sources */,
				14E07E132F8E513D00E9F7FC /* Frameworks */,
				14E07E142F8E513D00E9F7FC /* Resources */,
				3D62D25A99F93DE7F6B95347 /* Embed Frameworks */,
			);
			buildRules = (
			);
			dependencies = (
			);
			name = ios_example_app;
			packageProductDependencies = (
				4EFB126527016EEBF27C9B62 /* CameraKit */,
			);
			productName = ios_example_app;
			productReference = 14E07E162F8E513D00E9F7FC /* ios_example_app.app */;
			productType = "com.apple.product-type.application";
		};
		14E07E252F8E513F00E9F7FC /* ios_example_appTests */ = {
			isa = PBXNativeTarget;
			buildConfigurationList = 14E07E3D2F8E513F00E9F7FC /* Build configuration list for PBXNativeTarget "ios_example_appTests" */;
			buildPhases = (
				14E07E222F8E513F00E9F7FC /* Sources */,
				14E07E232F8E513F00E9F7FC /* Frameworks */,
				14E07E242F8E513F00E9F7FC /* Resources */,
			);
			buildRules = (
			);
			dependencies = (
				14E07E282F8E513F00E9F7FC /* PBXTargetDependency */,
			);
			name = ios_example_appTests;
			packageProductDependencies = (
				774759B7C7A55D0C56E89D14 /* CameraKit */,
			);
			productName = ios_example_appTests;
			productReference = 14E07E262F8E513F00E9F7FC /* ios_example_appTests.xctest */;
			productType = "com.apple.product-type.bundle.unit-test";
		};
		14E07E2F2F8E513F00E9F7FC /* ios_example_appUITests */ = {
			isa = PBXNativeTarget;
			buildConfigurationList = 14E07E402F8E513F00E9F7FC /* Build configuration list for PBXNativeTarget "ios_example_appUITests" */;
			buildPhases = (
				14E07E2C2F8E513F00E9F7FC /* Sources */,
				14E07E2D2F8E513F00E9F7FC /* Frameworks */,
				14E07E2E2F8E513F00E9F7FC /* Resources */,
			);
			buildRules = (
			);
			dependencies = (
				14E07E322F8E513F00E9F7FC /* PBXTargetDependency */,
			);
			name = ios_example_appUITests;
			productName = ios_example_appUITests;
			productReference = 14E07E302F8E513F00E9F7FC /* ios_example_appUITests.xctest */;
			productType = "com.apple.product-type.bundle.ui-testing";
		};
/* End PBXNativeTarget section */

/* Begin PBXProject section */
		14E07E0E2F8E513D00E9F7FC /* Project object */ = {
			isa = PBXProject;
			attributes = {
				BuildIndependentTargetsInParallel = 1;
				LastSwiftUpdateCheck = 1540;
				LastUpgradeCheck = 2640;
				TargetAttributes = {
					14E07E152F8E513D00E9F7FC = {
						CreatedOnToolsVersion = 15.4;
					};
					14E07E252F8E513F00E9F7FC = {
						CreatedOnToolsVersion = 15.4;
						TestTargetID = 14E07E152F8E513D00E9F7FC;
					};
					14E07E2F2F8E513F00E9F7FC = {
						CreatedOnToolsVersion = 15.4;
						TestTargetID = 14E07E152F8E513D00E9F7FC;
					};
				};
			};
			buildConfigurationList = 14E07E112F8E513D00E9F7FC /* Build configuration list for PBXProject "ios_example_app" */;
			compatibilityVersion = "Xcode 14.0";
			developmentRegion = en;
			hasScannedForEncodings = 0;
			knownRegions = (
				en,
				Base,
			);
			mainGroup = 14E07E0D2F8E513D00E9F7FC;
			packageReferences = (
				4CDE782646D8B196D0549C1F /* XCLocalSwiftPackageReference ".." */,
			);
			productRefGroup = 14E07E172F8E513D00E9F7FC /* Products */;
			projectDirPath = "";
			projectRoot = "";
			targets = (
				14E07E152F8E513D00E9F7FC /* ios_example_app */,
				14E07E252F8E513F00E9F7FC /* ios_example_appTests */,
				14E07E2F2F8E513F00E9F7FC /* ios_example_appUITests */,
			);
		};
/* End PBXProject section */

/* Begin PBXResourcesBuildPhase section */
		14E07E142F8E513D00E9F7FC /* Resources */ = {
			isa = PBXResourcesBuildPhase;
			buildActionMask = 2147483647;
			files = (
				14E07E212F8E513F00E9F7FC /* Preview Assets.xcassets in Resources */,
				14E07E1E2F8E513F00E9F7FC /* Assets.xcassets in Resources */,
			);
			runOnlyForDeploymentPostprocessing = 0;
		};
		14E07E242F8E513F00E9F7FC /* Resources */ = {
			isa = PBXResourcesBuildPhase;
			buildActionMask = 2147483647;
			files = (
			);
			runOnlyForDeploymentPostprocessing = 0;
		};
		14E07E2E2F8E513F00E9F7FC /* Resources */ = {
			isa = PBXResourcesBuildPhase;
			buildActionMask = 2147483647;
			files = (
			);
			runOnlyForDeploymentPostprocessing = 0;
		};
/* End PBXResourcesBuildPhase section */

/* Begin PBXSourcesBuildPhase section */
		14E07E122F8E513D00E9F7FC /* Sources */ = {
			isa = PBXSourcesBuildPhase;
			buildActionMask = 2147483647;
			files = (
				14E07E1A2F8E513D00E9F7FC /* ios_example_appApp.swift in Sources */,
				3543BD01FED4893DD5F89AEF /* CalibrationViewModel.swift in Sources */,
				D2A0B170AB46745B4267B24E /* CameraView.swift in Sources */,
				ED5858F17D15B3DA74966D87 /* ControlEnablement.swift in Sources */,
				05EBAEEEA7E3802F0248BCA1 /* DisplayViewModel.swift in Sources */,
				EF7D1E9BCC587010E9370BC2 /* ErrorPresenterViewModel.swift in Sources */,
				A3E014673AD8F07BE9D93639 /* HardwareControlsViewModel.swift in Sources */,
				9FB9B178D57D55D1B175CC8B /* ProcessingViewModel.swift in Sources */,
				B50DA96F146199918095B448 /* RecordingViewModel.swift in Sources */,
				04C0DE71181BCBB1E76DD4FA /* SliderDebouncer.swift in Sources */,
				0D564774D754090505282403 /* ViewModel.swift in Sources */,
				50F21A27408F311E9A330235 /* OrientationLock.swift in Sources */,
			);
			runOnlyForDeploymentPostprocessing = 0;
		};
		14E07E222F8E513F00E9F7FC /* Sources */ = {
			isa = PBXSourcesBuildPhase;
			buildActionMask = 2147483647;
			files = (
				14E07E2B2F8E513F00E9F7FC /* ios_example_appTests.swift in Sources */,
				3B9F836323CAF649EEFF341B /* Stage01Tests.swift in Sources */,
				F1E3F510681959371A363F32 /* Stage02Tests.swift in Sources */,
				7EB189650E75BB6918421A44 /* Stage03Tests.swift in Sources */,
				F86D7E2444D241B1A4411FBA /* Stage04Tests.swift in Sources */,
				413C07759C3082622F459861 /* Stage05Tests.swift in Sources */,
				FEB5776E21A1294A5CA6ED39 /* Stage06Tests.swift in Sources */,
				4B23642524C1D784A1D02ABB /* Stage07Tests.swift in Sources */,
				1597FE0511AFD9C0406D7498 /* Stage09Tests.swift in Sources */,
				E3130A01AC496C58DFBEF068 /* Stage10Tests.swift in Sources */,
				CB227B149EADC82F7D5CAA98 /* Stage11Tests.swift in Sources */,
				E3DA5760A785849A4323F68B /* TestPixelHelpers.swift in Sources */,
				02414E067C405CFBDAEF4EEE /* PhotosLibraryClientTests.swift in Sources */,
				7E9E0F8C44602E8AF076C381 /* TestProgressLog.swift in Sources */,
				6C143EC9F558E2F804A06CA5 /* Stage12Tests.swift in Sources */,
				887DC67B9E822441EC774F06 /* Stage11UITests.swift in Sources */,
				09ABB819A33A2634300E0FDF /* Stage13CalibrationTests.swift in Sources */,
				87E448810E2CB27D0454D54A /* MailboxTests.swift in Sources */,
				485445463B5196F3BC8A52E3 /* SessionStateMachineTests.swift in Sources */,
				278E32053DA41734DC1B4992 /* CaptureNaturalPictureTests.swift in Sources */,
				2C3C1285DDA0A8726F1995F1 /* RgbaConversionTests.swift in Sources */,
				2D7E29E3BBD70A605BADF784 /* LifecycleTests.swift in Sources */,
				BD3955AFC187B25B51F527BB /* CameraEngineProtocolConformanceTests.swift in Sources */,
				CBFEBC1997CE64D939CC59AA /* OutputPathResolutionTests.swift in Sources */,
				65C3457B534FADC112FCE8C1 /* FrameTransportTests.swift in Sources */,
				E1EA4B40A47C852FB24AEB40 /* FrameDeliveryTests.swift in Sources */,
			);
			runOnlyForDeploymentPostprocessing = 0;
		};
		14E07E2C2F8E513F00E9F7FC /* Sources */ = {
			isa = PBXSourcesBuildPhase;
			buildActionMask = 2147483647;
			files = (
				14E07E372F8E513F00E9F7FC /* ios_example_appUITestsLaunchTests.swift in Sources */,
				14E07E352F8E513F00E9F7FC /* ios_example_appUITests.swift in Sources */,
			);
			runOnlyForDeploymentPostprocessing = 0;
		};
/* End PBXSourcesBuildPhase section */

/* Begin PBXTargetDependency section */
		14E07E282F8E513F00E9F7FC /* PBXTargetDependency */ = {
			isa = PBXTargetDependency;
			target = 14E07E152F8E513D00E9F7FC /* ios_example_app */;
			targetProxy = 14E07E272F8E513F00E9F7FC /* PBXContainerItemProxy */;
		};
		14E07E322F8E513F00E9F7FC /* PBXTargetDependency */ = {
			isa = PBXTargetDependency;
			target = 14E07E152F8E513D00E9F7FC /* ios_example_app */;
			targetProxy = 14E07E312F8E513F00E9F7FC /* PBXContainerItemProxy */;
		};
/* End PBXTargetDependency section */

/* Begin XCBuildConfiguration section */
		14E07E382F8E513F00E9F7FC /* Debug */ = {
			isa = XCBuildConfiguration;
			buildSettings = {
				ALWAYS_SEARCH_USER_PATHS = NO;
				ASSETCATALOG_COMPILER_GENERATE_SWIFT_ASSET_SYMBOL_EXTENSIONS = YES;
				CLANG_ANALYZER_NONNULL = YES;
				CLANG_ANALYZER_NUMBER_OBJECT_CONVERSION = YES_AGGRESSIVE;
				CLANG_CXX_LANGUAGE_STANDARD = "gnu++20";
				CLANG_ENABLE_MODULES = YES;
				CLANG_ENABLE_OBJC_ARC = YES;
				CLANG_ENABLE_OBJC_WEAK = YES;
				CLANG_WARN_BLOCK_CAPTURE_AUTORELEASING = YES;
				CLANG_WARN_BOOL_CONVERSION = YES;
				CLANG_WARN_COMMA = YES;
				CLANG_WARN_CONSTANT_CONVERSION = YES;
				CLANG_WARN_DEPRECATED_OBJC_IMPLEMENTATIONS = YES;
				CLANG_WARN_DIRECT_OBJC_ISA_USAGE = YES_ERROR;
				CLANG_WARN_DOCUMENTATION_COMMENTS = YES;
				CLANG_WARN_EMPTY_BODY = YES;
				CLANG_WARN_ENUM_CONVERSION = YES;
				CLANG_WARN_INFINITE_RECURSION = YES;
				CLANG_WARN_INT_CONVERSION = YES;
				CLANG_WARN_NON_LITERAL_NULL_CONVERSION = YES;
				CLANG_WARN_OBJC_IMPLICIT_RETAIN_SELF = YES;
				CLANG_WARN_OBJC_LITERAL_CONVERSION = YES;
				CLANG_WARN_OBJC_ROOT_CLASS = YES_ERROR;
				CLANG_WARN_QUOTED_INCLUDE_IN_FRAMEWORK_HEADER = YES;
				CLANG_WARN_RANGE_LOOP_ANALYSIS = YES;
				CLANG_WARN_STRICT_PROTOTYPES = YES;
				CLANG_WARN_SUSPICIOUS_MOVE = YES;
				CLANG_WARN_UNGUARDED_AVAILABILITY = YES_AGGRESSIVE;
				CLANG_WARN_UNREACHABLE_CODE = YES;
				CLANG_WARN__DUPLICATE_METHOD_MATCH = YES;
				COPY_PHASE_STRIP = NO;
				DEBUG_INFORMATION_FORMAT = dwarf;
				DEVELOPMENT_TEAM = 56WS9VF77S;
				ENABLE_STRICT_OBJC_MSGSEND = YES;
				ENABLE_TESTABILITY = YES;
				ENABLE_USER_SCRIPT_SANDBOXING = YES;
				GCC_C_LANGUAGE_STANDARD = gnu17;
				GCC_DYNAMIC_NO_PIC = NO;
				GCC_NO_COMMON_BLOCKS = YES;
				GCC_OPTIMIZATION_LEVEL = 2;
				GCC_PREPROCESSOR_DEFINITIONS = (
					"DEBUG=1",
					"$(inherited)",
				);
				GCC_WARN_64_TO_32_BIT_CONVERSION = YES;
				GCC_WARN_ABOUT_RETURN_TYPE = YES_ERROR;
				GCC_WARN_UNDECLARED_SELECTOR = YES;
				GCC_WARN_UNINITIALIZED_AUTOS = YES_AGGRESSIVE;
				GCC_WARN_UNUSED_FUNCTION = YES;
				GCC_WARN_UNUSED_VARIABLE = YES;
				IPHONEOS_DEPLOYMENT_TARGET = 26.0;
				LOCALIZATION_PREFERS_STRING_CATALOGS = YES;
				MTL_ENABLE_DEBUG_INFO = INCLUDE_SOURCE;
				MTL_FAST_MATH = YES;
				ONLY_ACTIVE_ARCH = YES;
				SDKROOT = iphoneos;
				STRING_CATALOG_GENERATE_SYMBOLS = YES;
				SWIFT_ACTIVE_COMPILATION_CONDITIONS = "DEBUG $(inherited)";
				SWIFT_OPTIMIZATION_LEVEL = "-Onone";
			};
			name = Debug;
		};
		14E07E392F8E513F00E9F7FC /* Release */ = {
			isa = XCBuildConfiguration;
			buildSettings = {
				ALWAYS_SEARCH_USER_PATHS = NO;
				ASSETCATALOG_COMPILER_GENERATE_SWIFT_ASSET_SYMBOL_EXTENSIONS = YES;
				CLANG_ANALYZER_NONNULL = YES;
				CLANG_ANALYZER_NUMBER_OBJECT_CONVERSION = YES_AGGRESSIVE;
				CLANG_CXX_LANGUAGE_STANDARD = "gnu++20";
				CLANG_ENABLE_MODULES = YES;
				CLANG_ENABLE_OBJC_ARC = YES;
				CLANG_ENABLE_OBJC_WEAK = YES;
				CLANG_WARN_BLOCK_CAPTURE_AUTORELEASING = YES;
				CLANG_WARN_BOOL_CONVERSION = YES;
				CLANG_WARN_COMMA = YES;
				CLANG_WARN_CONSTANT_CONVERSION = YES;
				CLANG_WARN_DEPRECATED_OBJC_IMPLEMENTATIONS = YES;
				CLANG_WARN_DIRECT_OBJC_ISA_USAGE = YES_ERROR;
				CLANG_WARN_DOCUMENTATION_COMMENTS = YES;
				CLANG_WARN_EMPTY_BODY = YES;
				CLANG_WARN_ENUM_CONVERSION = YES;
				CLANG_WARN_INFINITE_RECURSION = YES;
				CLANG_WARN_INT_CONVERSION = YES;
				CLANG_WARN_NON_LITERAL_NULL_CONVERSION = YES;
				CLANG_WARN_OBJC_IMPLICIT_RETAIN_SELF = YES;
				CLANG_WARN_OBJC_LITERAL_CONVERSION = YES;
				CLANG_WARN_OBJC_ROOT_CLASS = YES_ERROR;
				CLANG_WARN_QUOTED_INCLUDE_IN_FRAMEWORK_HEADER = YES;
				CLANG_WARN_RANGE_LOOP_ANALYSIS = YES;
				CLANG_WARN_STRICT_PROTOTYPES = YES;
				CLANG_WARN_SUSPICIOUS_MOVE = YES;
				CLANG_WARN_UNGUARDED_AVAILABILITY = YES_AGGRESSIVE;
				CLANG_WARN_UNREACHABLE_CODE = YES;
				CLANG_WARN__DUPLICATE_METHOD_MATCH = YES;
				COPY_PHASE_STRIP = NO;
				DEBUG_INFORMATION_FORMAT = "dwarf-with-dsym";
				DEVELOPMENT_TEAM = 56WS9VF77S;
				ENABLE_NS_ASSERTIONS = NO;
				ENABLE_STRICT_OBJC_MSGSEND = YES;
				ENABLE_USER_SCRIPT_SANDBOXING = YES;
				GCC_C_LANGUAGE_STANDARD = gnu17;
				GCC_NO_COMMON_BLOCKS = YES;
				GCC_WARN_64_TO_32_BIT_CONVERSION = YES;
				GCC_WARN_ABOUT_RETURN_TYPE = YES_ERROR;
				GCC_WARN_UNDECLARED_SELECTOR = YES;
				GCC_WARN_UNINITIALIZED_AUTOS = YES_AGGRESSIVE;
				GCC_WARN_UNUSED_FUNCTION = YES;
				GCC_WARN_UNUSED_VARIABLE = YES;
				IPHONEOS_DEPLOYMENT_TARGET = 26.0;
				LOCALIZATION_PREFERS_STRING_CATALOGS = YES;
				MTL_ENABLE_DEBUG_INFO = NO;
				MTL_FAST_MATH = YES;
				SDKROOT = iphoneos;
				STRING_CATALOG_GENERATE_SYMBOLS = YES;
				SWIFT_COMPILATION_MODE = wholemodule;
				VALIDATE_PRODUCT = YES;
			};
			name = Release;
		};
		14E07E3B2F8E513F00E9F7FC /* Debug */ = {
			isa = XCBuildConfiguration;
			buildSettings = {
				ASSETCATALOG_COMPILER_APPICON_NAME = AppIcon;
				ASSETCATALOG_COMPILER_GLOBAL_ACCENT_COLOR_NAME = AccentColor;
				CLANG_CXX_LANGUAGE_STANDARD = "gnu++20";
				CODE_SIGN_STYLE = Automatic;
				CURRENT_PROJECT_VERSION = 1;
				DEVELOPMENT_ASSET_PATHS = "\"ios_example_app/Preview Content\"";
				ENABLE_PREVIEWS = YES;
				FRAMEWORK_SEARCH_PATHS = (
					"$(inherited)",
					"$(SRCROOT)/../Frameworks",
				);
				GENERATE_INFOPLIST_FILE = YES;
				HEADER_SEARCH_PATHS = (
					"$(inherited)",
					"$(SRCROOT)/../CameraKit/Sources/CameraKitCxx/include",
				);
				INFOPLIST_FILE = ios_example_app/Info.plist;
				INFOPLIST_KEY_LSSupportsOpeningDocumentsInPlace = YES;
				INFOPLIST_KEY_NSCameraUsageDescription = "We need camera access to scan";
				INFOPLIST_KEY_NSPhotoLibraryAddUsageDescription = "CameraKit saves captured still images to your photo library.";
				INFOPLIST_KEY_NSPhotoLibraryUsageDescription = "We need photo access to save images.";
				INFOPLIST_KEY_UIApplicationSceneManifest_Generation = YES;
				INFOPLIST_KEY_UIApplicationSupportsIndirectInputEvents = YES;
				INFOPLIST_KEY_UILaunchScreen_Generation = YES;
				INFOPLIST_KEY_UISupportedInterfaceOrientations_iPad = UIInterfaceOrientationLandscapeRight;
				LD_RUNPATH_SEARCH_PATHS = (
					"$(inherited)",
					"@executable_path/Frameworks",
				);
				MARKETING_VERSION = 1.0;
				OTHER_SWIFT_FLAGS = "-cxx-interoperability-mode=default";
				PRODUCT_BUNDLE_IDENTIFIER = "com.cambrian.ios-example-app";
				PRODUCT_NAME = "$(TARGET_NAME)";
				SUPPORTS_MAC_DESIGNED_FOR_IPHONE_IPAD = YES;
				SWIFT_EMIT_LOC_STRINGS = YES;
				SWIFT_OBJC_BRIDGING_HEADER = "ios_example_app/AppCxx/AppCxx-Bridging-Header.h";
				SWIFT_STRICT_CONCURRENCY = complete;
				SWIFT_VERSION = 6.0;
				TARGETED_DEVICE_FAMILY = 2;
			};
			name = Debug;
		};
		14E07E3C2F8E513F00E9F7FC /* Release */ = {
			isa = XCBuildConfiguration;
			buildSettings = {
				ASSETCATALOG_COMPILER_APPICON_NAME = AppIcon;
				ASSETCATALOG_COMPILER_GLOBAL_ACCENT_COLOR_NAME = AccentColor;
				CLANG_CXX_LANGUAGE_STANDARD = "gnu++20";
				CODE_SIGN_STYLE = Automatic;
				CURRENT_PROJECT_VERSION = 1;
				DEVELOPMENT_ASSET_PATHS = "\"ios_example_app/Preview Content\"";
				ENABLE_PREVIEWS = YES;
				FRAMEWORK_SEARCH_PATHS = (
					"$(inherited)",
					"$(SRCROOT)/../Frameworks",
				);
				GENERATE_INFOPLIST_FILE = YES;
				HEADER_SEARCH_PATHS = (
					"$(inherited)",
					"$(SRCROOT)/../CameraKit/Sources/CameraKitCxx/include",
				);
				INFOPLIST_FILE = ios_example_app/Info.plist;
				INFOPLIST_KEY_LSSupportsOpeningDocumentsInPlace = YES;
				INFOPLIST_KEY_NSCameraUsageDescription = "We need camera access to scan";
				INFOPLIST_KEY_NSPhotoLibraryAddUsageDescription = "CameraKit saves captured still images to your photo library.";
				INFOPLIST_KEY_NSPhotoLibraryUsageDescription = "We need photo access to save images.";
				INFOPLIST_KEY_UIApplicationSceneManifest_Generation = YES;
				INFOPLIST_KEY_UIApplicationSupportsIndirectInputEvents = YES;
				INFOPLIST_KEY_UILaunchScreen_Generation = YES;
				INFOPLIST_KEY_UISupportedInterfaceOrientations_iPad = UIInterfaceOrientationLandscapeRight;
				LD_RUNPATH_SEARCH_PATHS = (
					"$(inherited)",
					"@executable_path/Frameworks",
				);
				MARKETING_VERSION = 1.0;
				OTHER_SWIFT_FLAGS = "-cxx-interoperability-mode=default";
				PRODUCT_BUNDLE_IDENTIFIER = "com.cambrian.ios-example-app";
				PRODUCT_NAME = "$(TARGET_NAME)";
				SUPPORTS_MAC_DESIGNED_FOR_IPHONE_IPAD = YES;
				SWIFT_EMIT_LOC_STRINGS = YES;
				SWIFT_OBJC_BRIDGING_HEADER = "ios_example_app/AppCxx/AppCxx-Bridging-Header.h";
				SWIFT_STRICT_CONCURRENCY = complete;
				SWIFT_VERSION = 6.0;
				TARGETED_DEVICE_FAMILY = 2;
			};
			name = Release;
		};
		14E07E3E2F8E513F00E9F7FC /* Debug */ = {
			isa = XCBuildConfiguration;
			buildSettings = {
				BUNDLE_LOADER = "$(TEST_HOST)";
				CLANG_CXX_LANGUAGE_STANDARD = "gnu++20";
				CODE_SIGN_STYLE = Automatic;
				CURRENT_PROJECT_VERSION = 1;
				ENABLE_TESTABILITY = YES;
				FRAMEWORK_SEARCH_PATHS = (
					"$(inherited)",
					"$(SRCROOT)/../Frameworks",
				);
				GENERATE_INFOPLIST_FILE = YES;
				HEADER_SEARCH_PATHS = (
					"$(inherited)",
					"$(SRCROOT)/../CameraKit/Sources/CameraKitCxx/include",
				);
				IPHONEOS_DEPLOYMENT_TARGET = 26.0;
				MARKETING_VERSION = 1.0;
				OTHER_SWIFT_FLAGS = "-cxx-interoperability-mode=default";
				PRODUCT_BUNDLE_IDENTIFIER = "com.cambrian.ios-example-appTests";
				PRODUCT_NAME = "$(TARGET_NAME)";
				SWIFT_EMIT_LOC_STRINGS = NO;
				SWIFT_OBJC_BRIDGING_HEADER = "ios_example_app/AppCxx/AppCxx-Bridging-Header.h";
				SWIFT_STRICT_CONCURRENCY = complete;
				SWIFT_VERSION = 6.0;
				TARGETED_DEVICE_FAMILY = "1,2";
				TEST_HOST = "$(BUILT_PRODUCTS_DIR)/ios_example_app.app/$(BUNDLE_EXECUTABLE_FOLDER_PATH)/ios_example_app";
			};
			name = Debug;
		};
		14E07E3F2F8E513F00E9F7FC /* Release */ = {
			isa = XCBuildConfiguration;
			buildSettings = {
				BUNDLE_LOADER = "$(TEST_HOST)";
				CLANG_CXX_LANGUAGE_STANDARD = "gnu++20";
				CODE_SIGN_STYLE = Automatic;
				CURRENT_PROJECT_VERSION = 1;
				ENABLE_TESTABILITY = YES;
				FRAMEWORK_SEARCH_PATHS = (
					"$(inherited)",
					"$(SRCROOT)/../Frameworks",
				);
				GENERATE_INFOPLIST_FILE = YES;
				HEADER_SEARCH_PATHS = (
					"$(inherited)",
					"$(SRCROOT)/../CameraKit/Sources/CameraKitCxx/include",
				);
				IPHONEOS_DEPLOYMENT_TARGET = 26.0;
				MARKETING_VERSION = 1.0;
				OTHER_SWIFT_FLAGS = "-cxx-interoperability-mode=default";
				PRODUCT_BUNDLE_IDENTIFIER = "com.cambrian.ios-example-appTests";
				PRODUCT_NAME = "$(TARGET_NAME)";
				SWIFT_EMIT_LOC_STRINGS = NO;
				SWIFT_OBJC_BRIDGING_HEADER = "ios_example_app/AppCxx/AppCxx-Bridging-Header.h";
				SWIFT_STRICT_CONCURRENCY = complete;
				SWIFT_VERSION = 6.0;
				TARGETED_DEVICE_FAMILY = "1,2";
				TEST_HOST = "$(BUILT_PRODUCTS_DIR)/ios_example_app.app/$(BUNDLE_EXECUTABLE_FOLDER_PATH)/ios_example_app";
			};
			name = Release;
		};
		14E07E412F8E513F00E9F7FC /* Debug */ = {
			isa = XCBuildConfiguration;
			buildSettings = {
				CODE_SIGN_STYLE = Automatic;
				CURRENT_PROJECT_VERSION = 1;
				GENERATE_INFOPLIST_FILE = YES;
				MARKETING_VERSION = 1.0;
				PRODUCT_BUNDLE_IDENTIFIER = "com.cambrian.ios-example-appUITests";
				PRODUCT_NAME = "$(TARGET_NAME)";
				SWIFT_EMIT_LOC_STRINGS = NO;
				SWIFT_STRICT_CONCURRENCY = complete;
				SWIFT_VERSION = 6.0;
				TARGETED_DEVICE_FAMILY = "1,2";
				TEST_TARGET_NAME = ios_example_app;
			};
			name = Debug;
		};
		14E07E422F8E513F00E9F7FC /* Release */ = {
			isa = XCBuildConfiguration;
			buildSettings = {
				CODE_SIGN_STYLE = Automatic;
				CURRENT_PROJECT_VERSION = 1;
				GENERATE_INFOPLIST_FILE = YES;
				MARKETING_VERSION = 1.0;
				PRODUCT_BUNDLE_IDENTIFIER = "com.cambrian.ios-example-appUITests";
				PRODUCT_NAME = "$(TARGET_NAME)";
				SWIFT_EMIT_LOC_STRINGS = NO;
				SWIFT_STRICT_CONCURRENCY = complete;
				SWIFT_VERSION = 6.0;
				TARGETED_DEVICE_FAMILY = "1,2";
				TEST_TARGET_NAME = ios_example_app;
			};
			name = Release;
		};
/* End XCBuildConfiguration section */

/* Begin XCConfigurationList section */
		14E07E112F8E513D00E9F7FC /* Build configuration list for PBXProject "ios_example_app" */ = {
			isa = XCConfigurationList;
			buildConfigurations = (
				14E07E382F8E513F00E9F7FC /* Debug */,
				14E07E392F8E513F00E9F7FC /* Release */,
			);
			defaultConfigurationIsVisible = 0;
			defaultConfigurationName = Release;
		};
		14E07E3A2F8E513F00E9F7FC /* Build configuration list for PBXNativeTarget "ios_example_app" */ = {
			isa = XCConfigurationList;
			buildConfigurations = (
				14E07E3B2F8E513F00E9F7FC /* Debug */,
				14E07E3C2F8E513F00E9F7FC /* Release */,
			);
			defaultConfigurationIsVisible = 0;
			defaultConfigurationName = Release;
		};
		14E07E3D2F8E513F00E9F7FC /* Build configuration list for PBXNativeTarget "ios_example_appTests" */ = {
			isa = XCConfigurationList;
			buildConfigurations = (
				14E07E3E2F8E513F00E9F7FC /* Debug */,
				14E07E3F2F8E513F00E9F7FC /* Release */,
			);
			defaultConfigurationIsVisible = 0;
			defaultConfigurationName = Release;
		};
		14E07E402F8E513F00E9F7FC /* Build configuration list for PBXNativeTarget "ios_example_appUITests" */ = {
			isa = XCConfigurationList;
			buildConfigurations = (
				14E07E412F8E513F00E9F7FC /* Debug */,
				14E07E422F8E513F00E9F7FC /* Release */,
			);
			defaultConfigurationIsVisible = 0;
			defaultConfigurationName = Release;
		};
/* End XCConfigurationList section */

/* Begin XCLocalSwiftPackageReference section */
		4CDE782646D8B196D0549C1F /* XCLocalSwiftPackageReference ".." */ = {
			isa = XCLocalSwiftPackageReference;
			relativePath = ..;
		};
/* End XCLocalSwiftPackageReference section */

/* Begin XCSwiftPackageProductDependency section */
		4EFB126527016EEBF27C9B62 /* CameraKit */ = {
			isa = XCSwiftPackageProductDependency;
			package = 4CDE782646D8B196D0549C1F /* XCLocalSwiftPackageReference ".." */;
			productName = CameraKit;
		};
		774759B7C7A55D0C56E89D14 /* CameraKit */ = {
			isa = XCSwiftPackageProductDependency;
			package = 4CDE782646D8B196D0549C1F /* XCLocalSwiftPackageReference ".." */;
			productName = CameraKit;
		};
/* End XCSwiftPackageProductDependency section */
	};
	rootObject = 14E07E0E2F8E513D00E9F7FC /* Project object */;
}
